
Microsoft Visual Studio Solution File, Format Version 12.00
# Visual Studio 15
VisualStudioVersion = 15.0.28307.421
MinimumVisualStudioVersion = 10.0.40219.1
Project("{FAE04EC0-301F-11D3-BF4B-00C04F79EFBC}") = "DataTablesExample", "DataTablesExample\DataTablesExample.csproj", "{88B2DD11-0D99-441C-87D3-FE501E8C9804}"
EndProject
Global
	GlobalSection(SolutionConfigurationPlatforms) = preSolution
		Debug|Any CPU = Debug|Any CPU
		Release|Any CPU = Release|Any CPU
	EndGlobalSection
	GlobalSection(ProjectConfigurationPlatforms) = postSolution
		{88B2DD11-0D99-441C-87D3-FE501E8C9804}.Debug|Any CPU.ActiveCfg = Debug|Any CPU
		{88B2DD11-0D99-441C-87D3-FE501E8C9804}.Debug|Any CPU.Build.0 = Debug|Any CPU
		{88B2DD11-0D99-441C-87D3-FE501E8C9804}.Release|Any CPU.ActiveCfg = Release|Any CPU
		{88B2DD11-0D99-441C-87D3-FE501E8C9804}.Release|Any CPU.Build.0 = Release|Any CPU
	EndGlobalSection
	GlobalSection(SolutionProperties) = preSolution
		HideSolutionNode = FALSE
	EndGlobalSection
	GlobalSection(ExtensibilityGlobals) = postSolution
		SolutionGuid = {A622BD46-FECA-41BD-A400-F515D3997936}
	EndGlobalSection
EndGlobal
